{
  "name": "JAMstackTodoApp",
  "version": "1.0.0",
  "lockfileVersion": 1,
  "requires": true,
  "dependencies": {
    "@types/netlify-identity-widget": {
      "version": "1.9.0",
      "resolved": "https://registry.npmjs.org/@types/netlify-identity-widget/-/netlify-identity-widget-1.9.0.tgz",
      "integrity": "sha512-2g5N3v2sOsLCiDrtGQfZwnmTkikMPUKb5VtsJ5BTPsBDHLfxsCsFEE6MnZHKavAK/nTJWh0MkqylkhnyjoWU5Q=="
    }
  }
}
